
Microsoft Visual Studio Solution File, Format Version 12.00
# Visual Studio 2012
Project("{FAE04EC0-301F-11D3-BF4B-00C04F79EFBC}") = "TestProject", "TestProject\TestProject.csproj", "{B7E23616-A041-4DEF-999D-1C550028AAFC}"
EndProject
Project("{FAE04EC0-301F-11D3-BF4B-00C04F79EFBC}") = "TestProject.Tests", "TestProject.Tests\TestProject.Tests.csproj", "{ADEFC32E-E01C-4E20-8E99-EE1375EFAAF6}"
EndProject
Global
	GlobalSection(SolutionConfigurationPlatforms) = preSolution
		Debug|Any CPU = Debug|Any CPU
		Debug|Mixed Platforms = Debug|Mixed Platforms
		Debug|x86 = Debug|x86
		Jenkins|Any CPU = Jenkins|Any CPU
		Jenkins|Mixed Platforms = Jenkins|Mixed Platforms
		Jenkins|x86 = Jenkins|x86
		Release|Any CPU = Release|Any CPU
		Release|Mixed Platforms = Release|Mixed Platforms
		Release|x86 = Release|x86
	EndGlobalSection
	GlobalSection(ProjectConfigurationPlatforms) = postSolution
		{B7E23616-A041-4DEF-999D-1C550028AAFC}.Debug|Any CPU.ActiveCfg = Debug|Any CPU
		{B7E23616-A041-4DEF-999D-1C550028AAFC}.Debug|Any CPU.Build.0 = Debug|Any CPU
		{B7E23616-A041-4DEF-999D-1C550028AAFC}.Debug|Mixed Platforms.ActiveCfg = Debug|Any CPU
		{B7E23616-A041-4DEF-999D-1C550028AAFC}.Debug|Mixed Platforms.Build.0 = Debug|Any CPU
		{B7E23616-A041-4DEF-999D-1C550028AAFC}.Debug|x86.ActiveCfg = Debug|Any CPU
		{B7E23616-A041-4DEF-999D-1C550028AAFC}.Jenkins|Any CPU.ActiveCfg = Release|Any CPU
		{B7E23616-A041-4DEF-999D-1C550028AAFC}.Jenkins|Any CPU.Build.0 = Release|Any CPU
		{B7E23616-A041-4DEF-999D-1C550028AAFC}.Jenkins|Mixed Platforms.ActiveCfg = Release|Any CPU
		{B7E23616-A041-4DEF-999D-1C550028AAFC}.Jenkins|Mixed Platforms.Build.0 = Release|Any CPU
		{B7E23616-A041-4DEF-999D-1C550028AAFC}.Jenkins|x86.ActiveCfg = Release|Any CPU
		{B7E23616-A041-4DEF-999D-1C550028AAFC}.Release|Any CPU.ActiveCfg = Release|Any CPU
		{B7E23616-A041-4DEF-999D-1C550028AAFC}.Release|Any CPU.Build.0 = Release|Any CPU
		{B7E23616-A041-4DEF-999D-1C550028AAFC}.Release|Mixed Platforms.ActiveCfg = Release|Any CPU
		{B7E23616-A041-4DEF-999D-1C550028AAFC}.Release|Mixed Platforms.Build.0 = Release|Any CPU
		{B7E23616-A041-4DEF-999D-1C550028AAFC}.Release|x86.ActiveCfg = Release|Any CPU
		{ADEFC32E-E01C-4E20-8E99-EE1375EFAAF6}.Debug|Any CPU.ActiveCfg = Debug|Any CPU
		{ADEFC32E-E01C-4E20-8E99-EE1375EFAAF6}.Debug|Any CPU.Build.0 = Debug|Any CPU
		{ADEFC32E-E01C-4E20-8E99-EE1375EFAAF6}.Debug|Mixed Platforms.ActiveCfg = Debug|Any CPU
		{ADEFC32E-E01C-4E20-8E99-EE1375EFAAF6}.Debug|Mixed Platforms.Build.0 = Debug|Any CPU
		{ADEFC32E-E01C-4E20-8E99-EE1375EFAAF6}.Debug|x86.ActiveCfg = Debug|Any CPU
		{ADEFC32E-E01C-4E20-8E99-EE1375EFAAF6}.Jenkins|Any CPU.ActiveCfg = Release|Any CPU
		{ADEFC32E-E01C-4E20-8E99-EE1375EFAAF6}.Jenkins|Any CPU.Build.0 = Release|Any CPU
		{ADEFC32E-E01C-4E20-8E99-EE1375EFAAF6}.Jenkins|Mixed Platforms.ActiveCfg = Release|Any CPU
		{ADEFC32E-E01C-4E20-8E99-EE1375EFAAF6}.Jenkins|Mixed Platforms.Build.0 = Release|Any CPU
		{ADEFC32E-E01C-4E20-8E99-EE1375EFAAF6}.Jenkins|x86.ActiveCfg = Release|Any CPU
		{ADEFC32E-E01C-4E20-8E99-EE1375EFAAF6}.Release|Any CPU.ActiveCfg = Release|Any CPU
		{ADEFC32E-E01C-4E20-8E99-EE1375EFAAF6}.Release|Any CPU.Build.0 = Release|Any CPU
		{ADEFC32E-E01C-4E20-8E99-EE1375EFAAF6}.Release|Mixed Platforms.ActiveCfg = Release|Any CPU
		{ADEFC32E-E01C-4E20-8E99-EE1375EFAAF6}.Release|Mixed Platforms.Build.0 = Release|Any CPU
		{ADEFC32E-E01C-4E20-8E99-EE1375EFAAF6}.Release|x86.ActiveCfg = Release|Any CPU
	EndGlobalSection
	GlobalSection(SolutionProperties) = preSolution
		HideSolutionNode = FALSE
	EndGlobalSection
EndGlobal
